
Microsoft Visual Studio Solution File, Format Version 12.00
# Visual Studio Version 17
VisualStudioVersion = 17.6.33815.320
MinimumVisualStudioVersion = 10.0.40219.1
Project("{FAE04EC0-301F-11D3-BF4B-00C04F79EFBC}") = "Just A Task App", "Just A Task\Just A Task App.csproj", "{0D165E8C-C12F-475B-9EEF-4C6E00FA7E39}"
EndProject
Project("{54435603-DBB4-11D2-8724-00A0C9A8B90C}") = "Just A Work", "Just A Work\Just A Work.vdproj", "{B091A3C9-E579-413E-B8D0-27897C1F20BF}"
EndProject
Global
	GlobalSection(SolutionConfigurationPlatforms) = preSolution
		Debug|Any CPU = Debug|Any CPU
		Release|Any CPU = Release|Any CPU
	EndGlobalSection
	GlobalSection(ProjectConfigurationPlatforms) = postSolution
		{0D165E8C-C12F-475B-9EEF-4C6E00FA7E39}.Debug|Any CPU.ActiveCfg = Debug|Any CPU
		{0D165E8C-C12F-475B-9EEF-4C6E00FA7E39}.Debug|Any CPU.Build.0 = Debug|Any CPU
		{0D165E8C-C12F-475B-9EEF-4C6E00FA7E39}.Release|Any CPU.ActiveCfg = Release|Any CPU
		{0D165E8C-C12F-475B-9EEF-4C6E00FA7E39}.Release|Any CPU.Build.0 = Release|Any CPU
		{B091A3C9-E579-413E-B8D0-27897C1F20BF}.Debug|Any CPU.ActiveCfg = Debug
		{B091A3C9-E579-413E-B8D0-27897C1F20BF}.Release|Any CPU.ActiveCfg = Release
	EndGlobalSection
	GlobalSection(SolutionProperties) = preSolution
		HideSolutionNode = FALSE
	EndGlobalSection
	GlobalSection(ExtensibilityGlobals) = postSolution
		SolutionGuid = {87C00C19-B067-4328-9096-CC24367491B3}
	EndGlobalSection
EndGlobal
